hash: e28631b3273ca434a4372a58b074376d246c7bde0a256066e0ae5fcc093ca0e7
updated: 2017-02-26T15:28:54.451822892-08:00
imports:
- name: github.com/smartystreets/goconvey
  version: d4c757aa9afd1e2fc1832aaab209b5794eb336e1
  subpackages:
  - convey
  - convey/gotest
  - convey/reporting
testImports:
- name: github.com/gopherjs/gopherjs
  version: 34726b35978f115328b4851975b055d6b280c493
  subpackages:
  - js
- name: github.com/jtolds/gls
  version: bb0351aa7eb6f322f32667d51375f26a2bca6628
- name: github.com/smartystreets/assertions
  version: c9ee7d9e9a2aeec0bee7c4a516f3e0ad7cb7e558
  subpackages:
  - internal/go-render/render
  - internal/oglematchers
